
Microsoft Visual Studio Solution File, Format Version 12.00
# Visual Studio Version 17
VisualStudioVersion = 17.0.31903.59
MinimumVisualStudioVersion = 10.0.40219.1
Project("{2150E333-8FDC-42A3-9474-1A3956D46DE8}") = "src", "src", "{827E0CD3-B72D-47B6-A68D-7590B98EB39B}"
EndProject
Project("{FAE04EC0-301F-11D3-BF4B-00C04F79EFBC}") = "K2PerfMonitor.Core", "src\K2PerfMonitor.Core\K2PerfMonitor.Core.csproj", "{1BF57738-2BDA-40D1-9928-E3B787477779}"
EndProject
Project("{FAE04EC0-301F-11D3-BF4B-00C04F79EFBC}") = "K2PerfMonitor.Data", "src\K2PerfMonitor.Data\K2PerfMonitor.Data.csproj", "{9E3DFAA6-0026-4557-979B-B4972065F6E3}"
EndProject
Project("{FAE04EC0-301F-11D3-BF4B-00C04F79EFBC}") = "K2PerfMonitor.Collectors", "src\K2PerfMonitor.Collectors\K2PerfMonitor.Collectors.csproj", "{035DF19A-EDE5-4F20-AC8D-213B9DBE7287}"
EndProject
Project("{FAE04EC0-301F-11D3-BF4B-00C04F79EFBC}") = "K2PerfMonitor.Alerts", "src\K2PerfMonitor.Alerts\K2PerfMonitor.Alerts.csproj", "{77667E39-FBF6-40A8-A4D0-9C8704AC1045}"
EndProject
Project("{FAE04EC0-301F-11D3-BF4B-00C04F79EFBC}") = "K2PerfMonitor.Notifications", "src\K2PerfMonitor.Notifications\K2PerfMonitor.Notifications.csproj", "{70D08920-7EDD-4275-BB3B-71A6AF3D3F25}"
EndProject
Project("{FAE04EC0-301F-11D3-BF4B-00C04F79EFBC}") = "K2PerfMonitor.Realtime", "src\K2PerfMonitor.Realtime\K2PerfMonitor.Realtime.csproj", "{DBA37814-7096-462C-A646-04E10D20B055}"
EndProject
Project("{FAE04EC0-301F-11D3-BF4B-00C04F79EFBC}") = "K2PerfMonitor.Worker", "src\K2PerfMonitor.Worker\K2PerfMonitor.Worker.csproj", "{BF9F9C33-7937-4CBB-9442-7C2BD04A7844}"
EndProject
Project("{FAE04EC0-301F-11D3-BF4B-00C04F79EFBC}") = "K2PerfMonitor.Web", "src\K2PerfMonitor.Web\K2PerfMonitor.Web.csproj", "{7DA0B716-2766-4855-89D4-9B6B762FEDD0}"
EndProject
Project("{2150E333-8FDC-42A3-9474-1A3956D46DE8}") = "tests", "tests", "{0AB3BF05-4346-4AA6-1389-037BE0695223}"
EndProject
Project("{FAE04EC0-301F-11D3-BF4B-00C04F79EFBC}") = "K2PerfMonitor.Tests", "tests\K2PerfMonitor.Tests\K2PerfMonitor.Tests.csproj", "{14962916-054C-40B0-882E-2F945B41CE5E}"
EndProject
Global
	GlobalSection(SolutionConfigurationPlatforms) = preSolution
		Debug|Any CPU = Debug|Any CPU
		Debug|x64 = Debug|x64
		Debug|x86 = Debug|x86
		Release|Any CPU = Release|Any CPU
		Release|x64 = Release|x64
		Release|x86 = Release|x86
	EndGlobalSection
	GlobalSection(ProjectConfigurationPlatforms) = postSolution
		{1BF57738-2BDA-40D1-9928-E3B787477779}.Debug|Any CPU.ActiveCfg = Debug|Any CPU
		{1BF57738-2BDA-40D1-9928-E3B787477779}.Debug|Any CPU.Build.0 = Debug|Any CPU
		{1BF57738-2BDA-40D1-9928-E3B787477779}.Debug|x64.ActiveCfg = Debug|Any CPU
		{1BF57738-2BDA-40D1-9928-E3B787477779}.Debug|x64.Build.0 = Debug|Any CPU
		{1BF57738-2BDA-40D1-9928-E3B787477779}.Debug|x86.ActiveCfg = Debug|Any CPU
		{1BF57738-2BDA-40D1-9928-E3B787477779}.Debug|x86.Build.0 = Debug|Any CPU
		{1BF57738-2BDA-40D1-9928-E3B787477779}.Release|Any CPU.ActiveCfg = Release|Any CPU
		{1BF57738-2BDA-40D1-9928-E3B787477779}.Release|Any CPU.Build.0 = Release|Any CPU
		{1BF57738-2BDA-40D1-9928-E3B787477779}.Release|x64.ActiveCfg = Release|Any CPU
		{1BF57738-2BDA-40D1-9928-E3B787477779}.Release|x64.Build.0 = Release|Any CPU
		{1BF57738-2BDA-40D1-9928-E3B787477779}.Release|x86.ActiveCfg = Release|Any CPU
		{1BF57738-2BDA-40D1-9928-E3B787477779}.Release|x86.Build.0 = Release|Any CPU
		{9E3DFAA6-0026-4557-979B-B4972065F6E3}.Debug|Any CPU.ActiveCfg = Debug|Any CPU
		{9E3DFAA6-0026-4557-979B-B4972065F6E3}.Debug|Any CPU.Build.0 = Debug|Any CPU
		{9E3DFAA6-0026-4557-979B-B4972065F6E3}.Debug|x64.ActiveCfg = Debug|Any CPU
		{9E3DFAA6-0026-4557-979B-B4972065F6E3}.Debug|x64.Build.0 = Debug|Any CPU
		{9E3DFAA6-0026-4557-979B-B4972065F6E3}.Debug|x86.ActiveCfg = Debug|Any CPU
		{9E3DFAA6-0026-4557-979B-B4972065F6E3}.Debug|x86.Build.0 = Debug|Any CPU
		{9E3DFAA6-0026-4557-979B-B4972065F6E3}.Release|Any CPU.ActiveCfg = Release|Any CPU
		{9E3DFAA6-0026-4557-979B-B4972065F6E3}.Release|Any CPU.Build.0 = Release|Any CPU
		{9E3DFAA6-0026-4557-979B-B4972065F6E3}.Release|x64.ActiveCfg = Release|Any CPU
		{9E3DFAA6-0026-4557-979B-B4972065F6E3}.Release|x64.Build.0 = Release|Any CPU
		{9E3DFAA6-0026-4557-979B-B4972065F6E3}.Release|x86.ActiveCfg = Release|Any CPU
		{9E3DFAA6-0026-4557-979B-B4972065F6E3}.Release|x86.Build.0 = Release|Any CPU
		{035DF19A-EDE5-4F20-AC8D-213B9DBE7287}.Debug|Any CPU.ActiveCfg = Debug|Any CPU
		{035DF19A-EDE5-4F20-AC8D-213B9DBE7287}.Debug|Any CPU.Build.0 = Debug|Any CPU
		{035DF19A-EDE5-4F20-AC8D-213B9DBE7287}.Debug|x64.ActiveCfg = Debug|Any CPU
		{035DF19A-EDE5-4F20-AC8D-213B9DBE7287}.Debug|x64.Build.0 = Debug|Any CPU
		{035DF19A-EDE5-4F20-AC8D-213B9DBE7287}.Debug|x86.ActiveCfg = Debug|Any CPU
		{035DF19A-EDE5-4F20-AC8D-213B9DBE7287}.Debug|x86.Build.0 = Debug|Any CPU
		{035DF19A-EDE5-4F20-AC8D-213B9DBE7287}.Release|Any CPU.ActiveCfg = Release|Any CPU
		{035DF19A-EDE5-4F20-AC8D-213B9DBE7287}.Release|Any CPU.Build.0 = Release|Any CPU
		{035DF19A-EDE5-4F20-AC8D-213B9DBE7287}.Release|x64.ActiveCfg = Release|Any CPU
		{035DF19A-EDE5-4F20-AC8D-213B9DBE7287}.Release|x64.Build.0 = Release|Any CPU
		{035DF19A-EDE5-4F20-AC8D-213B9DBE7287}.Release|x86.ActiveCfg = Release|Any CPU
		{035DF19A-EDE5-4F20-AC8D-213B9DBE7287}.Release|x86.Build.0 = Release|Any CPU
		{77667E39-FBF6-40A8-A4D0-9C8704AC1045}.Debug|Any CPU.ActiveCfg = Debug|Any CPU
		{77667E39-FBF6-40A8-A4D0-9C8704AC1045}.Debug|Any CPU.Build.0 = Debug|Any CPU
		{77667E39-FBF6-40A8-A4D0-9C8704AC1045}.Debug|x64.ActiveCfg = Debug|Any CPU
		{77667E39-FBF6-40A8-A4D0-9C8704AC1045}.Debug|x64.Build.0 = Debug|Any CPU
		{77667E39-FBF6-40A8-A4D0-9C8704AC1045}.Debug|x86.ActiveCfg = Debug|Any CPU
		{77667E39-FBF6-40A8-A4D0-9C8704AC1045}.Debug|x86.Build.0 = Debug|Any CPU
		{77667E39-FBF6-40A8-A4D0-9C8704AC1045}.Release|Any CPU.ActiveCfg = Release|Any CPU
		{77667E39-FBF6-40A8-A4D0-9C8704AC1045}.Release|Any CPU.Build.0 = Release|Any CPU
		{77667E39-FBF6-40A8-A4D0-9C8704AC1045}.Release|x64.ActiveCfg = Release|Any CPU
		{77667E39-FBF6-40A8-A4D0-9C8704AC1045}.Release|x64.Build.0 = Release|Any CPU
		{77667E39-FBF6-40A8-A4D0-9C8704AC1045}.Release|x86.ActiveCfg = Release|Any CPU
		{77667E39-FBF6-40A8-A4D0-9C8704AC1045}.Release|x86.Build.0 = Release|Any CPU
		{70D08920-7EDD-4275-BB3B-71A6AF3D3F25}.Debug|Any CPU.ActiveCfg = Debug|Any CPU
		{70D08920-7EDD-4275-BB3B-71A6AF3D3F25}.Debug|Any CPU.Build.0 = Debug|Any CPU
		{70D08920-7EDD-4275-BB3B-71A6AF3D3F25}.Debug|x64.ActiveCfg = Debug|Any CPU
		{70D08920-7EDD-4275-BB3B-71A6AF3D3F25}.Debug|x64.Build.0 = Debug|Any CPU
		{70D08920-7EDD-4275-BB3B-71A6AF3D3F25}.Debug|x86.ActiveCfg = Debug|Any CPU
		{70D08920-7EDD-4275-BB3B-71A6AF3D3F25}.Debug|x86.Build.0 = Debug|Any CPU
		{70D08920-7EDD-4275-BB3B-71A6AF3D3F25}.Release|Any CPU.ActiveCfg = Release|Any CPU
		{70D08920-7EDD-4275-BB3B-71A6AF3D3F25}.Release|Any CPU.Build.0 = Release|Any CPU
		{70D08920-7EDD-4275-BB3B-71A6AF3D3F25}.Release|x64.ActiveCfg = Release|Any CPU
		{70D08920-7EDD-4275-BB3B-71A6AF3D3F25}.Release|x64.Build.0 = Release|Any CPU
		{70D08920-7EDD-4275-BB3B-71A6AF3D3F25}.Release|x86.ActiveCfg = Release|Any CPU
		{70D08920-7EDD-4275-BB3B-71A6AF3D3F25}.Release|x86.Build.0 = Release|Any CPU
		{DBA37814-7096-462C-A646-04E10D20B055}.Debug|Any CPU.ActiveCfg = Debug|Any CPU
		{DBA37814-7096-462C-A646-04E10D20B055}.Debug|Any CPU.Build.0 = Debug|Any CPU
		{DBA37814-7096-462C-A646-04E10D20B055}.Debug|x64.ActiveCfg = Debug|Any CPU
		{DBA37814-7096-462C-A646-04E10D20B055}.Debug|x64.Build.0 = Debug|Any CPU
		{DBA37814-7096-462C-A646-04E10D20B055}.Debug|x86.ActiveCfg = Debug|Any CPU
		{DBA37814-7096-462C-A646-04E10D20B055}.Debug|x86.Build.0 = Debug|Any CPU
		{DBA37814-7096-462C-A646-04E10D20B055}.Release|Any CPU.ActiveCfg = Release|Any CPU
		{DBA37814-7096-462C-A646-04E10D20B055}.Release|Any CPU.Build.0 = Release|Any CPU
		{DBA37814-7096-462C-A646-04E10D20B055}.Release|x64.ActiveCfg = Release|Any CPU
		{DBA37814-7096-462C-A646-04E10D20B055}.Release|x64.Build.0 = Release|Any CPU
		{DBA37814-7096-462C-A646-04E10D20B055}.Release|x86.ActiveCfg = Release|Any CPU
		{DBA37814-7096-462C-A646-04E10D20B055}.Release|x86.Build.0 = Release|Any CPU
		{BF9F9C33-7937-4CBB-9442-7C2BD04A7844}.Debug|Any CPU.ActiveCfg = Debug|Any CPU
		{BF9F9C33-7937-4CBB-9442-7C2BD04A7844}.Debug|Any CPU.Build.0 = Debug|Any CPU
		{BF9F9C33-7937-4CBB-9442-7C2BD04A7844}.Debug|x64.ActiveCfg = Debug|Any CPU
		{BF9F9C33-7937-4CBB-9442-7C2BD04A7844}.Debug|x64.Build.0 = Debug|Any CPU
		{BF9F9C33-7937-4CBB-9442-7C2BD04A7844}.Debug|x86.ActiveCfg = Debug|Any CPU
		{BF9F9C33-7937-4CBB-9442-7C2BD04A7844}.Debug|x86.Build.0 = Debug|Any CPU
		{BF9F9C33-7937-4CBB-9442-7C2BD04A7844}.Release|Any CPU.ActiveCfg = Release|Any CPU
		{BF9F9C33-7937-4CBB-9442-7C2BD04A7844}.Release|Any CPU.Build.0 = Release|Any CPU
		{BF9F9C33-7937-4CBB-9442-7C2BD04A7844}.Release|x64.ActiveCfg = Release|Any CPU
		{BF9F9C33-7937-4CBB-9442-7C2BD04A7844}.Release|x64.Build.0 = Release|Any CPU
		{BF9F9C33-7937-4CBB-9442-7C2BD04A7844}.Release|x86.ActiveCfg = Release|Any CPU
		{BF9F9C33-7937-4CBB-9442-7C2BD04A7844}.Release|x86.Build.0 = Release|Any CPU
		{7DA0B716-2766-4855-89D4-9B6B762FEDD0}.Debug|Any CPU.ActiveCfg = Debug|Any CPU
		{7DA0B716-2766-4855-89D4-9B6B762FEDD0}.Debug|Any CPU.Build.0 = Debug|Any CPU
		{7DA0B716-2766-4855-89D4-9B6B762FEDD0}.Debug|x64.ActiveCfg = Debug|Any CPU
		{7DA0B716-2766-4855-89D4-9B6B762FEDD0}.Debug|x64.Build.0 = Debug|Any CPU
		{7DA0B716-2766-4855-89D4-9B6B762FEDD0}.Debug|x86.ActiveCfg = Debug|Any CPU
		{7DA0B716-2766-4855-89D4-9B6B762FEDD0}.Debug|x86.Build.0 = Debug|Any CPU
		{7DA0B716-2766-4855-89D4-9B6B762FEDD0}.Release|Any CPU.ActiveCfg = Release|Any CPU
		{7DA0B716-2766-4855-89D4-9B6B762FEDD0}.Release|Any CPU.Build.0 = Release|Any CPU
		{7DA0B716-2766-4855-89D4-9B6B762FEDD0}.Release|x64.ActiveCfg = Release|Any CPU
		{7DA0B716-2766-4855-89D4-9B6B762FEDD0}.Release|x64.Build.0 = Release|Any CPU
		{7DA0B716-2766-4855-89D4-9B6B762FEDD0}.Release|x86.ActiveCfg = Release|Any CPU
		{7DA0B716-2766-4855-89D4-9B6B762FEDD0}.Release|x86.Build.0 = Release|Any CPU
		{14962916-054C-40B0-882E-2F945B41CE5E}.Debug|Any CPU.ActiveCfg = Debug|Any CPU
		{14962916-054C-40B0-882E-2F945B41CE5E}.Debug|Any CPU.Build.0 = Debug|Any CPU
		{14962916-054C-40B0-882E-2F945B41CE5E}.Debug|x64.ActiveCfg = Debug|Any CPU
		{14962916-054C-40B0-882E-2F945B41CE5E}.Debug|x64.Build.0 = Debug|Any CPU
		{14962916-054C-40B0-882E-2F945B41CE5E}.Debug|x86.ActiveCfg = Debug|Any CPU
		{14962916-054C-40B0-882E-2F945B41CE5E}.Debug|x86.Build.0 = Debug|Any CPU
		{14962916-054C-40B0-882E-2F945B41CE5E}.Release|Any CPU.ActiveCfg = Release|Any CPU
		{14962916-054C-40B0-882E-2F945B41CE5E}.Release|Any CPU.Build.0 = Release|Any CPU
		{14962916-054C-40B0-882E-2F945B41CE5E}.Release|x64.ActiveCfg = Release|Any CPU
		{14962916-054C-40B0-882E-2F945B41CE5E}.Release|x64.Build.0 = Release|Any CPU
		{14962916-054C-40B0-882E-2F945B41CE5E}.Release|x86.ActiveCfg = Release|Any CPU
		{14962916-054C-40B0-882E-2F945B41CE5E}.Release|x86.Build.0 = Release|Any CPU
	EndGlobalSection
	GlobalSection(SolutionProperties) = preSolution
		HideSolutionNode = FALSE
	EndGlobalSection
	GlobalSection(NestedProjects) = preSolution
		{1BF57738-2BDA-40D1-9928-E3B787477779} = {827E0CD3-B72D-47B6-A68D-7590B98EB39B}
		{9E3DFAA6-0026-4557-979B-B4972065F6E3} = {827E0CD3-B72D-47B6-A68D-7590B98EB39B}
		{035DF19A-EDE5-4F20-AC8D-213B9DBE7287} = {827E0CD3-B72D-47B6-A68D-7590B98EB39B}
		{77667E39-FBF6-40A8-A4D0-9C8704AC1045} = {827E0CD3-B72D-47B6-A68D-7590B98EB39B}
		{70D08920-7EDD-4275-BB3B-71A6AF3D3F25} = {827E0CD3-B72D-47B6-A68D-7590B98EB39B}
		{DBA37814-7096-462C-A646-04E10D20B055} = {827E0CD3-B72D-47B6-A68D-7590B98EB39B}
		{BF9F9C33-7937-4CBB-9442-7C2BD04A7844} = {827E0CD3-B72D-47B6-A68D-7590B98EB39B}
		{7DA0B716-2766-4855-89D4-9B6B762FEDD0} = {827E0CD3-B72D-47B6-A68D-7590B98EB39B}
		{14962916-054C-40B0-882E-2F945B41CE5E} = {0AB3BF05-4346-4AA6-1389-037BE0695223}
	EndGlobalSection
EndGlobal
